
Microsoft Visual Studio Solution File, Format Version 12.00
# Visual Studio Version 17
VisualStudioVersion = 17.5.002.0
MinimumVisualStudioVersion = 10.0.40219.1
Project("{9A19103F-16F7-4668-BE54-9A1E7A4F7556}") = "C#", "C#.csproj", "{8CA087D0-AEB1-4652-BB4A-E1ACD287184C}"
EndProject
Global
	GlobalSection(SolutionConfigurationPlatforms) = preSolution
		Debug|Any CPU = Debug|Any CPU
		Release|Any CPU = Release|Any CPU
	EndGlobalSection
	GlobalSection(ProjectConfigurationPlatforms) = postSolution
		{8CA087D0-AEB1-4652-BB4A-E1ACD287184C}.Debug|Any CPU.ActiveCfg = Debug|Any CPU
		{8CA087D0-AEB1-4652-BB4A-E1ACD287184C}.Debug|Any CPU.Build.0 = Debug|Any CPU
		{8CA087D0-AEB1-4652-BB4A-E1ACD287184C}.Release|Any CPU.ActiveCfg = Release|Any CPU
		{8CA087D0-AEB1-4652-BB4A-E1ACD287184C}.Release|Any CPU.Build.0 = Release|Any CPU
	EndGlobalSection
	GlobalSection(SolutionProperties) = preSolution
		HideSolutionNode = FALSE
	EndGlobalSection
	GlobalSection(ExtensibilityGlobals) = postSolution
		SolutionGuid = {0EAE2CCB-2426-4A2B-A8A9-DCFFE5C33CF3}
	EndGlobalSection
EndGlobal
